
Microsoft Visual Studio Solution File, Format Version 12.00
# Visual Studio Version 17
VisualStudioVersion = 17.9.34728.123
MinimumVisualStudioVersion = 10.0.40219.1
Project("{FAE04EC0-301F-11D3-BF4B-00C04F79EFBC}") = "UserUI", "UserUI\UserUI.csproj", "{64B4D94B-F8AF-4EFA-90DB-2937ACB1F787}"
EndProject
Project("{FAE04EC0-301F-11D3-BF4B-00C04F79EFBC}") = "AdminUI", "AdminUI\AdminUI.csproj", "{97FF15A4-1ECA-4627-A3C0-3ACE072E75BD}"
EndProject
Project("{FAE04EC0-301F-11D3-BF4B-00C04F79EFBC}") = "Service", "Service\Service.csproj", "{F8EB617A-6F3F-482C-82CD-ED6A11A7D3F0}"
EndProject
Project("{FAE04EC0-301F-11D3-BF4B-00C04F79EFBC}") = "DTOs", "DTOs\DTOs.csproj", "{830EAF17-7D52-4664-8EA6-BA9FE7B249D8}"
EndProject
Global
	GlobalSection(SolutionConfigurationPlatforms) = preSolution
		Debug|Any CPU = Debug|Any CPU
		Release|Any CPU = Release|Any CPU
	EndGlobalSection
	GlobalSection(ProjectConfigurationPlatforms) = postSolution
		{64B4D94B-F8AF-4EFA-90DB-2937ACB1F787}.Debug|Any CPU.ActiveCfg = Debug|Any CPU
		{64B4D94B-F8AF-4EFA-90DB-2937ACB1F787}.Debug|Any CPU.Build.0 = Debug|Any CPU
		{64B4D94B-F8AF-4EFA-90DB-2937ACB1F787}.Release|Any CPU.ActiveCfg = Release|Any CPU
		{64B4D94B-F8AF-4EFA-90DB-2937ACB1F787}.Release|Any CPU.Build.0 = Release|Any CPU
		{97FF15A4-1ECA-4627-A3C0-3ACE072E75BD}.Debug|Any CPU.ActiveCfg = Debug|Any CPU
		{97FF15A4-1ECA-4627-A3C0-3ACE072E75BD}.Debug|Any CPU.Build.0 = Debug|Any CPU
		{97FF15A4-1ECA-4627-A3C0-3ACE072E75BD}.Release|Any CPU.ActiveCfg = Release|Any CPU
		{97FF15A4-1ECA-4627-A3C0-3ACE072E75BD}.Release|Any CPU.Build.0 = Release|Any CPU
		{F8EB617A-6F3F-482C-82CD-ED6A11A7D3F0}.Debug|Any CPU.ActiveCfg = Debug|Any CPU
		{F8EB617A-6F3F-482C-82CD-ED6A11A7D3F0}.Debug|Any CPU.Build.0 = Debug|Any CPU
		{F8EB617A-6F3F-482C-82CD-ED6A11A7D3F0}.Release|Any CPU.ActiveCfg = Release|Any CPU
		{F8EB617A-6F3F-482C-82CD-ED6A11A7D3F0}.Release|Any CPU.Build.0 = Release|Any CPU
		{830EAF17-7D52-4664-8EA6-BA9FE7B249D8}.Debug|Any CPU.ActiveCfg = Debug|Any CPU
		{830EAF17-7D52-4664-8EA6-BA9FE7B249D8}.Debug|Any CPU.Build.0 = Debug|Any CPU
		{830EAF17-7D52-4664-8EA6-BA9FE7B249D8}.Release|Any CPU.ActiveCfg = Release|Any CPU
		{830EAF17-7D52-4664-8EA6-BA9FE7B249D8}.Release|Any CPU.Build.0 = Release|Any CPU
	EndGlobalSection
	GlobalSection(SolutionProperties) = preSolution
		HideSolutionNode = FALSE
	EndGlobalSection
	GlobalSection(ExtensibilityGlobals) = postSolution
		SolutionGuid = {C99FFA1F-EC75-4C05-8FB8-D2D574EA6FB5}
	EndGlobalSection
EndGlobal
